// !$*UTF8*$!
{
	archiveVersion = 1;
	classes = {
	};
	objectVersion = 52;
	objects = {

/* Begin PBXBuildFile section */
		3A16D6CF260F0678006A7DB1 /* NotesList.swift in Sources */ = {isa = PBXBuildFile; fileRef = 3A16D6CE260F0678006A7DB1 /* NotesList.swift */; };
		3A16D6D0260F0678006A7DB1 /* NotesList.swift in Sources */ = {isa = PBXBuildFile; fileRef = 3A16D6CE260F0678006A7DB1 /* NotesList.swift */; };
		3A16D6D4260F0721006A7DB1 /* SideMenu.swift in Sources */ = {isa = PBXBuildFile; fileRef = 3A16D6D3260F0721006A7DB1 /* SideMenu.swift */; };
		3A16D6D5260F0721006A7DB1 /* SideMenu.swift in Sources */ = {isa = PBXBuildFile; fileRef = 3A16D6D3260F0721006A7DB1 /* SideMenu.swift */; };
		3A16D6D9260F115A006A7DB1 /* SignOut.swift in Sources */ = {isa = PBXBuildFile; fileRef = 3A16D6D8260F115A006A7DB1 /* SignOut.swift */; };
		3A16D6DA260F115A006A7DB1 /* SignOut.swift in Sources */ = {isa = PBXBuildFile; fileRef = 3A16D6D8260F115A006A7DB1 /* SignOut.swift */; };
		3A16D6E8260F2E12006A7DB1 /* HighlightedTextEditor in Frameworks */ = {isa = PBXBuildFile; productRef = 3A16D6E7260F2E12006A7DB1 /* HighlightedTextEditor */; };
		3A16D6EC260F2E28006A7DB1 /* HighlightedTextEditor in Frameworks */ = {isa = PBXBuildFile; productRef = 3A16D6EB260F2E28006A7DB1 /* HighlightedTextEditor */; };
		3A16D6F0260F3C6E006A7DB1 /* NoteRepository.swift in Sources */ = {isa = PBXBuildFile; fileRef = 3A16D6EF260F3C6E006A7DB1 /* NoteRepository.swift */; };
		3A16D6F1260F3C6E006A7DB1 /* NoteRepository.swift in Sources */ = {isa = PBXBuildFile; fileRef = 3A16D6EF260F3C6E006A7DB1 /* NoteRepository.swift */; };
		3A1B2026260E4F87006DA9D2 /* User.swift in Sources */ = {isa = PBXBuildFile; fileRef = 3A1B2025260E4F87006DA9D2 /* User.swift */; };
		3A1B2035260E5FD0006DA9D2 /* UIColor.swift in Sources */ = {isa = PBXBuildFile; fileRef = 3A1B2034260E5FD0006DA9D2 /* UIColor.swift */; };
		3A1B203F260E6FF0006DA9D2 /* NoteEditor.swift in Sources */ = {isa = PBXBuildFile; fileRef = 3A1B203E260E6FEF006DA9D2 /* NoteEditor.swift */; };
		3A1B2040260E6FF0006DA9D2 /* NoteEditor.swift in Sources */ = {isa = PBXBuildFile; fileRef = 3A1B203E260E6FEF006DA9D2 /* NoteEditor.swift */; };
		3A1B2044260E71CC006DA9D2 /* NoteRow.swift in Sources */ = {isa = PBXBuildFile; fileRef = 3A1B2043260E71CC006DA9D2 /* NoteRow.swift */; };
		3A1B2045260E71CC006DA9D2 /* NoteRow.swift in Sources */ = {isa = PBXBuildFile; fileRef = 3A1B2043260E71CC006DA9D2 /* NoteRow.swift */; };
		3A1B204E260E8DD3006DA9D2 /* AddNoteButton.swift in Sources */ = {isa = PBXBuildFile; fileRef = 3A1B204D260E8DD3006DA9D2 /* AddNoteButton.swift */; };
		3A1B204F260E8DD3006DA9D2 /* AddNoteButton.swift in Sources */ = {isa = PBXBuildFile; fileRef = 3A1B204D260E8DD3006DA9D2 /* AddNoteButton.swift */; };
		3A1B205C260E9368006DA9D2 /* Login.swift in Sources */ = {isa = PBXBuildFile; fileRef = 3A1B205B260E9368006DA9D2 /* Login.swift */; };
		3A1B205D260E9368006DA9D2 /* Login.swift in Sources */ = {isa = PBXBuildFile; fileRef = 3A1B205B260E9368006DA9D2 /* Login.swift */; };
		3A1B2064260EF9B8006DA9D2 /* FirebaseAuth in Frameworks */ = {isa = PBXBuildFile; productRef = 3A1B2063260EF9B8006DA9D2 /* FirebaseAuth */; };
		3A1B2066260EF9BF006DA9D2 /* FirebaseFirestore in Frameworks */ = {isa = PBXBuildFile; productRef = 3A1B2065260EF9BF006DA9D2 /* FirebaseFirestore */; };
		3A1B2068260EF9C8006DA9D2 /* FirebaseFirestoreSwift-Beta in Frameworks */ = {isa = PBXBuildFile; productRef = 3A1B2067260EF9C8006DA9D2 /* FirebaseFirestoreSwift-Beta */; };
		3A1B206C260EF9E1006DA9D2 /* FirebaseAppDistribution-Beta in Frameworks */ = {isa = PBXBuildFile; productRef = 3A1B206B260EF9E1006DA9D2 /* FirebaseAppDistribution-Beta */; };
		3A1B206E260EF9E5006DA9D2 /* FirebaseCrashlytics in Frameworks */ = {isa = PBXBuildFile; productRef = 3A1B206D260EF9E5006DA9D2 /* FirebaseCrashlytics */; };
		3A1B2070260EF9E9006DA9D2 /* FirebaseDatabase in Frameworks */ = {isa = PBXBuildFile; productRef = 3A1B206F260EF9E9006DA9D2 /* FirebaseDatabase */; };
		3A1B2072260EF9F0006DA9D2 /* FirebaseDynamicLinks in Frameworks */ = {isa = PBXBuildFile; productRef = 3A1B2071260EF9F0006DA9D2 /* FirebaseDynamicLinks */; };
		3A1B2074260EF9F6006DA9D2 /* FirebaseFunctions in Frameworks */ = {isa = PBXBuildFile; productRef = 3A1B2073260EF9F6006DA9D2 /* FirebaseFunctions */; };
		3A1B2076260EF9FB006DA9D2 /* FirebaseInAppMessaging-Beta in Frameworks */ = {isa = PBXBuildFile; productRef = 3A1B2075260EF9FB006DA9D2 /* FirebaseInAppMessaging-Beta */; };
		3A1B2078260EFA00006DA9D2 /* FirebaseInstallations in Frameworks */ = {isa = PBXBuildFile; productRef = 3A1B2077260EFA00006DA9D2 /* FirebaseInstallations */; };
		3A1B207A260EFA05006DA9D2 /* FirebaseMessaging in Frameworks */ = {isa = PBXBuildFile; productRef = 3A1B2079260EFA05006DA9D2 /* FirebaseMessaging */; };
		3A1B207C260EFA0A006DA9D2 /* FirebaseMLModelDownloader in Frameworks */ = {isa = PBXBuildFile; productRef = 3A1B207B260EFA0A006DA9D2 /* FirebaseMLModelDownloader */; };
		3A1B207E260EFA12006DA9D2 /* FirebaseRemoteConfig in Frameworks */ = {isa = PBXBuildFile; productRef = 3A1B207D260EFA12006DA9D2 /* FirebaseRemoteConfig */; };
		3A1B2080260EFA17006DA9D2 /* FirebaseStorage in Frameworks */ = {isa = PBXBuildFile; productRef = 3A1B207F260EFA17006DA9D2 /* FirebaseStorage */; };
		3A1B2082260EFA1C006DA9D2 /* FirebaseStorageSwift-Beta in Frameworks */ = {isa = PBXBuildFile; productRef = 3A1B2081260EFA1C006DA9D2 /* FirebaseStorageSwift-Beta */; };
		3A22E4BF26074DB30094CF60 /* Note.swift in Sources */ = {isa = PBXBuildFile; fileRef = 3A22E4BE26074DB30094CF60 /* Note.swift */; };
		3A5C8B0F260A839600063EA5 /* ArchitectsDaughter-Regular.ttf in Resources */ = {isa = PBXBuildFile; fileRef = 3A5C8B0E260A839600063EA5 /* ArchitectsDaughter-Regular.ttf */; };
		3A5C8B10260A839600063EA5 /* ArchitectsDaughter-Regular.ttf in Resources */ = {isa = PBXBuildFile; fileRef = 3A5C8B0E260A839600063EA5 /* ArchitectsDaughter-Regular.ttf */; };
		3A5C8B34260A84F500063EA5 /* Cabin-MediumItalic.ttf in Resources */ = {isa = PBXBuildFile; fileRef = 3A5C8B18260A84F500063EA5 /* Cabin-MediumItalic.ttf */; };
		3A5C8B35260A84F500063EA5 /* Cabin-MediumItalic.ttf in Resources */ = {isa = PBXBuildFile; fileRef = 3A5C8B18260A84F500063EA5 /* Cabin-MediumItalic.ttf */; };
		3A5C8B38260A84F500063EA5 /* Cabin-Regular.ttf in Resources */ = {isa = PBXBuildFile; fileRef = 3A5C8B1A260A84F500063EA5 /* Cabin-Regular.ttf */; };
		3A5C8B39260A84F500063EA5 /* Cabin-Regular.ttf in Resources */ = {isa = PBXBuildFile; fileRef = 3A5C8B1A260A84F500063EA5 /* Cabin-Regular.ttf */; };
		3A5C8B46260A84F500063EA5 /* Cabin-SemiBold.ttf in Resources */ = {isa = PBXBuildFile; fileRef = 3A5C8B21260A84F500063EA5 /* Cabin-SemiBold.ttf */; };
		3A5C8B47260A84F500063EA5 /* Cabin-SemiBold.ttf in Resources */ = {isa = PBXBuildFile; fileRef = 3A5C8B21260A84F500063EA5 /* Cabin-SemiBold.ttf */; };
		3A5C8B48260A84F500063EA5 /* Cabin-SemiBoldItalic.ttf in Resources */ = {isa = PBXBuildFile; fileRef = 3A5C8B22260A84F500063EA5 /* Cabin-SemiBoldItalic.ttf */; };
		3A5C8B49260A84F500063EA5 /* Cabin-SemiBoldItalic.ttf in Resources */ = {isa = PBXBuildFile; fileRef = 3A5C8B22260A84F500063EA5 /* Cabin-SemiBoldItalic.ttf */; };
		3A5C8B4C260A84F500063EA5 /* Cabin-Italic.ttf in Resources */ = {isa = PBXBuildFile; fileRef = 3A5C8B24260A84F500063EA5 /* Cabin-Italic.ttf */; };
		3A5C8B4D260A84F500063EA5 /* Cabin-Italic.ttf in Resources */ = {isa = PBXBuildFile; fileRef = 3A5C8B24260A84F500063EA5 /* Cabin-Italic.ttf */; };
		3A5C8B52260A84F500063EA5 /* Cabin-Medium.ttf in Resources */ = {isa = PBXBuildFile; fileRef = 3A5C8B27260A84F500063EA5 /* Cabin-Medium.ttf */; };
		3A5C8B53260A84F500063EA5 /* Cabin-Medium.ttf in Resources */ = {isa = PBXBuildFile; fileRef = 3A5C8B27260A84F500063EA5 /* Cabin-Medium.ttf */; };
		3A5C8B54260A84F500063EA5 /* Cabin-Bold.ttf in Resources */ = {isa = PBXBuildFile; fileRef = 3A5C8B28260A84F500063EA5 /* Cabin-Bold.ttf */; };
		3A5C8B55260A84F500063EA5 /* Cabin-Bold.ttf in Resources */ = {isa = PBXBuildFile; fileRef = 3A5C8B28260A84F500063EA5 /* Cabin-Bold.ttf */; };
		3A5C8B5A260A84F500063EA5 /* Cabin-BoldItalic.ttf in Resources */ = {isa = PBXBuildFile; fileRef = 3A5C8B2B260A84F500063EA5 /* Cabin-BoldItalic.ttf */; };
		3A5C8B5B260A84F500063EA5 /* Cabin-BoldItalic.ttf in Resources */ = {isa = PBXBuildFile; fileRef = 3A5C8B2B260A84F500063EA5 /* Cabin-BoldItalic.ttf */; };
		3A5C8B60260A8AB200063EA5 /* Cabin-VariableFont_wdth,wght.ttf in Resources */ = {isa = PBXBuildFile; fileRef = 3A5C8B5E260A8AB200063EA5 /* Cabin-VariableFont_wdth,wght.ttf */; };
		3A5C8B61260A8AB200063EA5 /* Cabin-VariableFont_wdth,wght.ttf in Resources */ = {isa = PBXBuildFile; fileRef = 3A5C8B5E260A8AB200063EA5 /* Cabin-VariableFont_wdth,wght.ttf */; };
		3A5C8B62260A8AB200063EA5 /* Cabin-Italic-VariableFont_wdth,wght.ttf in Resources */ = {isa = PBXBuildFile; fileRef = 3A5C8B5F260A8AB200063EA5 /* Cabin-Italic-VariableFont_wdth,wght.ttf */; };
		3A5C8B63260A8AB200063EA5 /* Cabin-Italic-VariableFont_wdth,wght.ttf in Resources */ = {isa = PBXBuildFile; fileRef = 3A5C8B5F260A8AB200063EA5 /* Cabin-Italic-VariableFont_wdth,wght.ttf */; };
		3ABD4C452613FBFA00176438 /* DocumentViewModel.swift in Sources */ = {isa = PBXBuildFile; fileRef = 3ABD4C442613FBFA00176438 /* DocumentViewModel.swift */; };
		3ABD4C462613FBFA00176438 /* DocumentViewModel.swift in Sources */ = {isa = PBXBuildFile; fileRef = 3ABD4C442613FBFA00176438 /* DocumentViewModel.swift */; };
		3ABD4C4A2613FF3200176438 /* DocumentEditor.swift in Sources */ = {isa = PBXBuildFile; fileRef = 3ABD4C492613FF3200176438 /* DocumentEditor.swift */; };
		3ABD4C4B2613FF3200176438 /* DocumentEditor.swift in Sources */ = {isa = PBXBuildFile; fileRef = 3ABD4C492613FF3200176438 /* DocumentEditor.swift */; };
		3ABD4C89261506F800176438 /* NoteListViewModel.swift in Sources */ = {isa = PBXBuildFile; fileRef = 3ABD4C88261506F800176438 /* NoteListViewModel.swift */; };
		3ABD4C8A261506F800176438 /* NoteListViewModel.swift in Sources */ = {isa = PBXBuildFile; fileRef = 3ABD4C88261506F800176438 /* NoteListViewModel.swift */; };
		3ABD4C8E2615072F00176438 /* NoteCellViewModel.swift in Sources */ = {isa = PBXBuildFile; fileRef = 3ABD4C8D2615072F00176438 /* NoteCellViewModel.swift */; };
		3ABD4C8F2615072F00176438 /* NoteCellViewModel.swift in Sources */ = {isa = PBXBuildFile; fileRef = 3ABD4C8D2615072F00176438 /* NoteCellViewModel.swift */; };
		3ABD4C9F261615C100176438 /* AuthView.swift in Sources */ = {isa = PBXBuildFile; fileRef = 3ABD4C9E261615C000176438 /* AuthView.swift */; };
		3ABD4CA0261615C100176438 /* AuthView.swift in Sources */ = {isa = PBXBuildFile; fileRef = 3ABD4C9E261615C000176438 /* AuthView.swift */; };
		3ABD4CA62616235A00176438 /* SignInView.swift in Sources */ = {isa = PBXBuildFile; fileRef = 3ABD4CA52616235A00176438 /* SignInView.swift */; };
		3ABD4CA72616235A00176438 /* SignInView.swift in Sources */ = {isa = PBXBuildFile; fileRef = 3ABD4CA52616235A00176438 /* SignInView.swift */; };
		3ABD4CAC2616245E00176438 /* SignUpView.swift in Sources */ = {isa = PBXBuildFile; fileRef = 3ABD4CAB2616245E00176438 /* SignUpView.swift */; };
		3ABD4CAD2616245E00176438 /* SignUpView.swift in Sources */ = {isa = PBXBuildFile; fileRef = 3ABD4CAB2616245E00176438 /* SignUpView.swift */; };
		3ADEEEF22603B30300816B85 /* SquatchNotesApp.swift in Sources */ = {isa = PBXBuildFile; fileRef = 3ADEEEDF2603B30100816B85 /* SquatchNotesApp.swift */; };
		3ADEEEF32603B30300816B85 /* SquatchNotesApp.swift in Sources */ = {isa = PBXBuildFile; fileRef = 3ADEEEDF2603B30100816B85 /* SquatchNotesApp.swift */; };
		3ADEEEF42603B30300816B85 /* ContentView.swift in Sources */ = {isa = PBXBuildFile; fileRef = 3ADEEEE02603B30100816B85 /* ContentView.swift */; };
		3ADEEEF52603B30300816B85 /* ContentView.swift in Sources */ = {isa = PBXBuildFile; fileRef = 3ADEEEE02603B30100816B85 /* ContentView.swift */; };
		3ADEEEF62603B30300816B85 /* Assets.xcassets in Resources */ = {isa = PBXBuildFile; fileRef = 3ADEEEE12603B30300816B85 /* Assets.xcassets */; };
		3ADEEEF72603B30300816B85 /* Assets.xcassets in Resources */ = {isa = PBXBuildFile; fileRef = 3ADEEEE12603B30300816B85 /* Assets.xcassets */; };
		3ADEEF322604058F00816B85 /* FirebaseAppDistribution-Beta in Frameworks */ = {isa = PBXBuildFile; productRef = 3ADEEF312604058F00816B85 /* FirebaseAppDistribution-Beta */; };
		3ADEEF342604058F00816B85 /* FirebaseInstallations in Frameworks */ = {isa = PBXBuildFile; productRef = 3ADEEF332604058F00816B85 /* FirebaseInstallations */; };
		3ADEEF362604058F00816B85 /* FirebaseMessaging in Frameworks */ = {isa = PBXBuildFile; productRef = 3ADEEF352604058F00816B85 /* FirebaseMessaging */; };
		3ADEEF382604058F00816B85 /* FirebaseStorageSwift-Beta in Frameworks */ = {isa = PBXBuildFile; productRef = 3ADEEF372604058F00816B85 /* FirebaseStorageSwift-Beta */; };
		3ADEEF3A2604058F00816B85 /* FirebaseFirestoreSwift-Beta in Frameworks */ = {isa = PBXBuildFile; productRef = 3ADEEF392604058F00816B85 /* FirebaseFirestoreSwift-Beta */; };
		3ADEEF3C2604058F00816B85 /* FirebaseStorage in Frameworks */ = {isa = PBXBuildFile; productRef = 3ADEEF3B2604058F00816B85 /* FirebaseStorage */; };
		3ADEEF3E2604058F00816B85 /* FirebaseAuth in Frameworks */ = {isa = PBXBuildFile; productRef = 3ADEEF3D2604058F00816B85 /* FirebaseAuth */; };
		3ADEEF422604058F00816B85 /* FirebaseDynamicLinks in Frameworks */ = {isa = PBXBuildFile; productRef = 3ADEEF412604058F00816B85 /* FirebaseDynamicLinks */; };
		3ADEEF442604058F00816B85 /* FirebaseFirestore in Frameworks */ = {isa = PBXBuildFile; productRef = 3ADEEF432604058F00816B85 /* FirebaseFirestore */; };
		3ADEEF462604058F00816B85 /* FirebaseDatabase in Frameworks */ = {isa = PBXBuildFile; productRef = 3ADEEF452604058F00816B85 /* FirebaseDatabase */; };
		3ADEEF482604058F00816B85 /* FirebaseFunctions in Frameworks */ = {isa = PBXBuildFile; productRef = 3ADEEF472604058F00816B85 /* FirebaseFunctions */; };
		3ADEEF4A2604058F00816B85 /* FirebaseCrashlytics in Frameworks */ = {isa = PBXBuildFile; productRef = 3ADEEF492604058F00816B85 /* FirebaseCrashlytics */; };
		3ADEEF4C2604058F00816B85 /* FirebaseInAppMessaging-Beta in Frameworks */ = {isa = PBXBuildFile; productRef = 3ADEEF4B2604058F00816B85 /* FirebaseInAppMessaging-Beta */; };
		3ADEEF4E2604058F00816B85 /* FirebaseMLModelDownloader in Frameworks */ = {isa = PBXBuildFile; productRef = 3ADEEF4D2604058F00816B85 /* FirebaseMLModelDownloader */; };
		3ADEEF502604058F00816B85 /* FirebaseRemoteConfig in Frameworks */ = {isa = PBXBuildFile; productRef = 3ADEEF4F2604058F00816B85 /* FirebaseRemoteConfig */; };
		3ADEEF542604091A00816B85 /* GoogleService-Info.plist in Resources */ = {isa = PBXBuildFile; fileRef = 3ADEEF532604091900816B85 /* GoogleService-Info.plist */; };
		3ADEEF552604091A00816B85 /* GoogleService-Info.plist in Resources */ = {isa = PBXBuildFile; fileRef = 3ADEEF532604091900816B85 /* GoogleService-Info.plist */; };
		3ADEEF66260449BE00816B85 /* SessionStore.swift in Sources */ = {isa = PBXBuildFile; fileRef = 3ADEEF65260449BE00816B85 /* SessionStore.swift */; };
		3ADEEF67260449BE00816B85 /* SessionStore.swift in Sources */ = {isa = PBXBuildFile; fileRef = 3ADEEF65260449BE00816B85 /* SessionStore.swift */; };
/* End PBXBuildFile section */

/* Begin PBXFileReference section */
		3A16D6CE260F0678006A7DB1 /* NotesList.swift */ = {isa = PBXFileReference; lastKnownFileType = sourcecode.swift; path = NotesList.swift; sourceTree = "<group>"; };
		3A16D6D3260F0721006A7DB1 /* SideMenu.swift */ = {isa = PBXFileReference; lastKnownFileType = sourcecode.swift; path = SideMenu.swift; sourceTree = "<group>"; };
		3A16D6D8260F115A006A7DB1 /* SignOut.swift */ = {isa = PBXFileReference; fileEncoding = 4; lastKnownFileType = sourcecode.swift; path = SignOut.swift; sourceTree = "<group>"; };
		3A16D6EF260F3C6E006A7DB1 /* NoteRepository.swift */ = {isa = PBXFileReference; lastKnownFileType = sourcecode.swift; path = NoteRepository.swift; sourceTree = "<group>"; };
		3A1B2025260E4F87006DA9D2 /* User.swift */ = {isa = PBXFileReference; lastKnownFileType = sourcecode.swift; path = User.swift; sourceTree = "<group>"; };
		3A1B2034260E5FD0006DA9D2 /* UIColor.swift */ = {isa = PBXFileReference; lastKnownFileType = sourcecode.swift; path = UIColor.swift; sourceTree = "<group>"; };
		3A1B203E260E6FEF006DA9D2 /* NoteEditor.swift */ = {isa = PBXFileReference; lastKnownFileType = sourcecode.swift; path = NoteEditor.swift; sourceTree = "<group>"; };
		3A1B2043260E71CC006DA9D2 /* NoteRow.swift */ = {isa = PBXFileReference; lastKnownFileType = sourcecode.swift; path = NoteRow.swift; sourceTree = "<group>"; };
		3A1B204D260E8DD3006DA9D2 /* AddNoteButton.swift */ = {isa = PBXFileReference; lastKnownFileType = sourcecode.swift; path = AddNoteButton.swift; sourceTree = "<group>"; };
		3A1B205B260E9368006DA9D2 /* Login.swift */ = {isa = PBXFileReference; lastKnownFileType = sourcecode.swift; path = Login.swift; sourceTree = "<group>"; };
		3A22E4BE26074DB30094CF60 /* Note.swift */ = {isa = PBXFileReference; lastKnownFileType = sourcecode.swift; path = Note.swift; sourceTree = "<group>"; };
		3A5C8B0E260A839600063EA5 /* ArchitectsDaughter-Regular.ttf */ = {isa = PBXFileReference; lastKnownFileType = file; path = "ArchitectsDaughter-Regular.ttf"; sourceTree = "<group>"; };
		3A5C8B18260A84F500063EA5 /* Cabin-MediumItalic.ttf */ = {isa = PBXFileReference; lastKnownFileType = file; path = "Cabin-MediumItalic.ttf"; sourceTree = "<group>"; };
		3A5C8B1A260A84F500063EA5 /* Cabin-Regular.ttf */ = {isa = PBXFileReference; lastKnownFileType = file; path = "Cabin-Regular.ttf"; sourceTree = "<group>"; };
		3A5C8B21260A84F500063EA5 /* Cabin-SemiBold.ttf */ = {isa = PBXFileReference; lastKnownFileType = file; path = "Cabin-SemiBold.ttf"; sourceTree = "<group>"; };
		3A5C8B22260A84F500063EA5 /* Cabin-SemiBoldItalic.ttf */ = {isa = PBXFileReference; lastKnownFileType = file; path = "Cabin-SemiBoldItalic.ttf"; sourceTree = "<group>"; };
		3A5C8B24260A84F500063EA5 /* Cabin-Italic.ttf */ = {isa = PBXFileReference; lastKnownFileType = file; path = "Cabin-Italic.ttf"; sourceTree = "<group>"; };
		3A5C8B27260A84F500063EA5 /* Cabin-Medium.ttf */ = {isa = PBXFileReference; lastKnownFileType = file; path = "Cabin-Medium.ttf"; sourceTree = "<group>"; };
		3A5C8B28260A84F500063EA5 /* Cabin-Bold.ttf */ = {isa = PBXFileReference; lastKnownFileType = file; path = "Cabin-Bold.ttf"; sourceTree = "<group>"; };
		3A5C8B2B260A84F500063EA5 /* Cabin-BoldItalic.ttf */ = {isa = PBXFileReference; lastKnownFileType = file; path = "Cabin-BoldItalic.ttf"; sourceTree = "<group>"; };
		3A5C8B5E260A8AB200063EA5 /* Cabin-VariableFont_wdth,wght.ttf */ = {isa = PBXFileReference; lastKnownFileType = file; path = "Cabin-VariableFont_wdth,wght.ttf"; sourceTree = "<group>"; };
		3A5C8B5F260A8AB200063EA5 /* Cabin-Italic-VariableFont_wdth,wght.ttf */ = {isa = PBXFileReference; lastKnownFileType = file; path = "Cabin-Italic-VariableFont_wdth,wght.ttf"; sourceTree = "<group>"; };
		3A80315E26047628007F0703 /* SquatchNotes.entitlements */ = {isa = PBXFileReference; lastKnownFileType = text.plist.entitlements; path = SquatchNotes.entitlements; sourceTree = "<group>"; };
		3ABD4C442613FBFA00176438 /* DocumentViewModel.swift */ = {isa = PBXFileReference; lastKnownFileType = sourcecode.swift; path = DocumentViewModel.swift; sourceTree = "<group>"; };
		3ABD4C492613FF3200176438 /* DocumentEditor.swift */ = {isa = PBXFileReference; lastKnownFileType = sourcecode.swift; path = DocumentEditor.swift; sourceTree = "<group>"; };
		3ABD4C88261506F800176438 /* NoteListViewModel.swift */ = {isa = PBXFileReference; lastKnownFileType = sourcecode.swift; path = NoteListViewModel.swift; sourceTree = "<group>"; };
		3ABD4C8D2615072F00176438 /* NoteCellViewModel.swift */ = {isa = PBXFileReference; lastKnownFileType = sourcecode.swift; path = NoteCellViewModel.swift; sourceTree = "<group>"; };
		3ABD4C9E261615C000176438 /* AuthView.swift */ = {isa = PBXFileReference; lastKnownFileType = sourcecode.swift; path = AuthView.swift; sourceTree = "<group>"; };
		3ABD4CA52616235A00176438 /* SignInView.swift */ = {isa = PBXFileReference; lastKnownFileType = sourcecode.swift; path = SignInView.swift; sourceTree = "<group>"; };
		3ABD4CAB2616245E00176438 /* SignUpView.swift */ = {isa = PBXFileReference; lastKnownFileType = sourcecode.swift; path = SignUpView.swift; sourceTree = "<group>"; };
		3ADEEEDF2603B30100816B85 /* SquatchNotesApp.swift */ = {isa = PBXFileReference; lastKnownFileType = sourcecode.swift; path = SquatchNotesApp.swift; sourceTree = "<group>"; };
		3ADEEEE02603B30100816B85 /* ContentView.swift */ = {isa = PBXFileReference; lastKnownFileType = sourcecode.swift; path = ContentView.swift; sourceTree = "<group>"; };
		3ADEEEE12603B30300816B85 /* Assets.xcassets */ = {isa = PBXFileReference; lastKnownFileType = folder.assetcatalog; path = Assets.xcassets; sourceTree = "<group>"; };
		3ADEEEE62603B30300816B85 /* SquatchNotes.app */ = {isa = PBXFileReference; explicitFileType = wrapper.application; includeInIndex = 0; path = SquatchNotes.app; sourceTree = BUILT_PRODUCTS_DIR; };
		3ADEEEE92603B30300816B85 /* Info.plist */ = {isa = PBXFileReference; lastKnownFileType = text.plist.xml; path = Info.plist; sourceTree = "<group>"; };
		3ADEEEEE2603B30300816B85 /* SquatchNotes.app */ = {isa = PBXFileReference; explicitFileType = wrapper.application; includeInIndex = 0; path = SquatchNotes.app; sourceTree = BUILT_PRODUCTS_DIR; };
		3ADEEEF02603B30300816B85 /* Info.plist */ = {isa = PBXFileReference; lastKnownFileType = text.plist.xml; path = Info.plist; sourceTree = "<group>"; };
		3ADEEEF12603B30300816B85 /* macOS.entitlements */ = {isa = PBXFileReference; lastKnownFileType = text.plist.entitlements; path = macOS.entitlements; sourceTree = "<group>"; };
		3ADEEF532604091900816B85 /* GoogleService-Info.plist */ = {isa = PBXFileReference; fileEncoding = 4; lastKnownFileType = text.plist.xml; path = "GoogleService-Info.plist"; sourceTree = "<group>"; };
		3ADEEF65260449BE00816B85 /* SessionStore.swift */ = {isa = PBXFileReference; lastKnownFileType = sourcecode.swift; path = SessionStore.swift; sourceTree = "<group>"; };
/* End PBXFileReference section */

/* Begin PBXFrameworksBuildPhase section */
		3ADEEEE32603B30300816B85 /* Frameworks */ = {
			isa = PBXFrameworksBuildPhase;
			buildActionMask = 2147483647;
			files = (
				3ADEEF362604058F00816B85 /* FirebaseMessaging in Frameworks */,
				3ADEEF4C2604058F00816B85 /* FirebaseInAppMessaging-Beta in Frameworks */,
				3ADEEF382604058F00816B85 /* FirebaseStorageSwift-Beta in Frameworks */,
				3ADEEF482604058F00816B85 /* FirebaseFunctions in Frameworks */,
				3A16D6E8260F2E12006A7DB1 /* HighlightedTextEditor in Frameworks */,
				3ADEEF442604058F00816B85 /* FirebaseFirestore in Frameworks */,
				3ADEEF3A2604058F00816B85 /* FirebaseFirestoreSwift-Beta in Frameworks */,
				3ADEEF502604058F00816B85 /* FirebaseRemoteConfig in Frameworks */,
				3ADEEF322604058F00816B85 /* FirebaseAppDistribution-Beta in Frameworks */,
				3ADEEF422604058F00816B85 /* FirebaseDynamicLinks in Frameworks */,
				3ADEEF342604058F00816B85 /* FirebaseInstallations in Frameworks */,
				3ADEEF4A2604058F00816B85 /* FirebaseCrashlytics in Frameworks */,
				3ADEEF462604058F00816B85 /* FirebaseDatabase in Frameworks */,
				3ADEEF4E2604058F00816B85 /* FirebaseMLModelDownloader in Frameworks */,
				3ADEEF3E2604058F00816B85 /* FirebaseAuth in Frameworks */,
				3ADEEF3C2604058F00816B85 /* FirebaseStorage in Frameworks */,
			);
			runOnlyForDeploymentPostprocessing = 0;
		};
		3ADEEEEB2603B30300816B85 /* Frameworks */ = {
			isa = PBXFrameworksBuildPhase;
			buildActionMask = 2147483647;
			files = (
				3A1B2068260EF9C8006DA9D2 /* FirebaseFirestoreSwift-Beta in Frameworks */,
				3A1B2082260EFA1C006DA9D2 /* FirebaseStorageSwift-Beta in Frameworks */,
				3A1B2064260EF9B8006DA9D2 /* FirebaseAuth in Frameworks */,
				3A1B2078260EFA00006DA9D2 /* FirebaseInstallations in Frameworks */,
				3A1B206E260EF9E5006DA9D2 /* FirebaseCrashlytics in Frameworks */,
				3A16D6EC260F2E28006A7DB1 /* HighlightedTextEditor in Frameworks */,
				3A1B2080260EFA17006DA9D2 /* FirebaseStorage in Frameworks */,
				3A1B2072260EF9F0006DA9D2 /* FirebaseDynamicLinks in Frameworks */,
				3A1B2076260EF9FB006DA9D2 /* FirebaseInAppMessaging-Beta in Frameworks */,
				3A1B207A260EFA05006DA9D2 /* FirebaseMessaging in Frameworks */,
				3A1B207E260EFA12006DA9D2 /* FirebaseRemoteConfig in Frameworks */,
				3A1B2066260EF9BF006DA9D2 /* FirebaseFirestore in Frameworks */,
				3A1B2074260EF9F6006DA9D2 /* FirebaseFunctions in Frameworks */,
				3A1B2070260EF9E9006DA9D2 /* FirebaseDatabase in Frameworks */,
				3A1B206C260EF9E1006DA9D2 /* FirebaseAppDistribution-Beta in Frameworks */,
				3A1B207C260EFA0A006DA9D2 /* FirebaseMLModelDownloader in Frameworks */,
			);
			runOnlyForDeploymentPostprocessing = 0;
		};
/* End PBXFrameworksBuildPhase section */

/* Begin PBXGroup section */
		3A1B1FE2260D1A64006DA9D2 /* Models */ = {
			isa = PBXGroup;
			children = (
				3A1B2025260E4F87006DA9D2 /* User.swift */,
				3A22E4BE26074DB30094CF60 /* Note.swift */,
			);
			path = Models;
			sourceTree = "<group>";
		};
		3A1B202F260E50CE006DA9D2 /* ViewModels */ = {
			isa = PBXGroup;
			children = (
				3ABD4C88261506F800176438 /* NoteListViewModel.swift */,
				3ABD4C8D2615072F00176438 /* NoteCellViewModel.swift */,
			);
			path = ViewModels;
			sourceTree = "<group>";
		};
		3A1B2060260EF9B0006DA9D2 /* Frameworks */ = {
			isa = PBXGroup;
			children = (
			);
			name = Frameworks;
			sourceTree = "<group>";
		};
		3A5C8B13260A84A900063EA5 /* Fonts */ = {
			isa = PBXGroup;
			children = (
				3A5C8B5F260A8AB200063EA5 /* Cabin-Italic-VariableFont_wdth,wght.ttf */,
				3A5C8B5E260A8AB200063EA5 /* Cabin-VariableFont_wdth,wght.ttf */,
				3A5C8B0E260A839600063EA5 /* ArchitectsDaughter-Regular.ttf */,
				3A5C8B28260A84F500063EA5 /* Cabin-Bold.ttf */,
				3A5C8B2B260A84F500063EA5 /* Cabin-BoldItalic.ttf */,
				3A5C8B24260A84F500063EA5 /* Cabin-Italic.ttf */,
				3A5C8B27260A84F500063EA5 /* Cabin-Medium.ttf */,
				3A5C8B18260A84F500063EA5 /* Cabin-MediumItalic.ttf */,
				3A5C8B1A260A84F500063EA5 /* Cabin-Regular.ttf */,
				3A5C8B21260A84F500063EA5 /* Cabin-SemiBold.ttf */,
				3A5C8B22260A84F500063EA5 /* Cabin-SemiBoldItalic.ttf */,
			);
			path = Fonts;
			sourceTree = "<group>";
		};
		3ABD4C922615186F00176438 /* Repository */ = {
			isa = PBXGroup;
			children = (
				3ABD4C442613FBFA00176438 /* DocumentViewModel.swift */,
				3A16D6EF260F3C6E006A7DB1 /* NoteRepository.swift */,
			);
			path = Repository;
			sourceTree = "<group>";
		};
		3ABD4CAA261623E900176438 /* Authentication */ = {
			isa = PBXGroup;
			children = (
				3ABD4CA52616235A00176438 /* SignInView.swift */,
				3ABD4C9E261615C000176438 /* AuthView.swift */,
				3ABD4CAB2616245E00176438 /* SignUpView.swift */,
			);
			path = Authentication;
			sourceTree = "<group>";
		};
		3ADEEED92603B30100816B85 = {
			isa = PBXGroup;
			children = (
				3A80315E26047628007F0703 /* SquatchNotes.entitlements */,
				3ADEEEDE2603B30100816B85 /* Shared */,
				3ADEEEE82603B30300816B85 /* iOS */,
				3ADEEEEF2603B30300816B85 /* macOS */,
				3ADEEEE72603B30300816B85 /* Products */,
				3A1B2060260EF9B0006DA9D2 /* Frameworks */,
			);
			sourceTree = "<group>";
		};
		3ADEEEDE2603B30100816B85 /* Shared */ = {
			isa = PBXGroup;
			children = (
				3ABD4C922615186F00176438 /* Repository */,
				3A1B202F260E50CE006DA9D2 /* ViewModels */,
				3A1B1FE2260D1A64006DA9D2 /* Models */,
				3A5C8B13260A84A900063EA5 /* Fonts */,
				3ADEEF642604495D00816B85 /* utils */,
				3ADEEF032603B31700816B85 /* Views */,
				3ADEEEDF2603B30100816B85 /* SquatchNotesApp.swift */,
				3ADEEEE12603B30300816B85 /* Assets.xcassets */,
				3ADEEF532604091900816B85 /* GoogleService-Info.plist */,
			);
			path = Shared;
			sourceTree = "<group>";
		};
		3ADEEEE72603B30300816B85 /* Products */ = {
			isa = PBXGroup;
			children = (
				3ADEEEE62603B30300816B85 /* SquatchNotes.app */,
				3ADEEEEE2603B30300816B85 /* SquatchNotes.app */,
			);
			name = Products;
			sourceTree = "<group>";
		};
		3ADEEEE82603B30300816B85 /* iOS */ = {
			isa = PBXGroup;
			children = (
				3ADEEEE92603B30300816B85 /* Info.plist */,
			);
			path = iOS;
			sourceTree = "<group>";
		};
		3ADEEEEF2603B30300816B85 /* macOS */ = {
			isa = PBXGroup;
			children = (
				3ADEEEF02603B30300816B85 /* Info.plist */,
				3ADEEEF12603B30300816B85 /* macOS.entitlements */,
			);
			path = macOS;
			sourceTree = "<group>";
		};
		3ADEEF032603B31700816B85 /* Views */ = {
			isa = PBXGroup;
			children = (
				3ABD4CAA261623E900176438 /* Authentication */,
				3ADEEEE02603B30100816B85 /* ContentView.swift */,
				3A1B203E260E6FEF006DA9D2 /* NoteEditor.swift */,
				3A1B2043260E71CC006DA9D2 /* NoteRow.swift */,
				3A1B204D260E8DD3006DA9D2 /* AddNoteButton.swift */,
				3A1B205B260E9368006DA9D2 /* Login.swift */,
				3A16D6CE260F0678006A7DB1 /* NotesList.swift */,
				3A16D6D8260F115A006A7DB1 /* SignOut.swift */,
				3A16D6D3260F0721006A7DB1 /* SideMenu.swift */,
				3ABD4C492613FF3200176438 /* DocumentEditor.swift */,
			);
			path = Views;
			sourceTree = "<group>";
		};
		3ADEEF642604495D00816B85 /* utils */ = {
			isa = PBXGroup;
			children = (
				3ADEEF65260449BE00816B85 /* SessionStore.swift */,
				3A1B2034260E5FD0006DA9D2 /* UIColor.swift */,
			);
			path = utils;
			sourceTree = "<group>";
		};
/* End PBXGroup section */

/* Begin PBXNativeTarget section */
		3ADEEEE52603B30300816B85 /* SquatchNotes (iOS) */ = {
			isa = PBXNativeTarget;
			buildConfigurationList = 3ADEEEFA2603B30300816B85 /* Build configuration list for PBXNativeTarget "SquatchNotes (iOS)" */;
			buildPhases = (
				3ADEEEE22603B30300816B85 /* Sources */,
				3ADEEEE32603B30300816B85 /* Frameworks */,
				3ADEEEE42603B30300816B85 /* Resources */,
			);
			buildRules = (
			);
			dependencies = (
			);
			name = "SquatchNotes (iOS)";
			packageProductDependencies = (
				3ADEEF312604058F00816B85 /* FirebaseAppDistribution-Beta */,
				3ADEEF332604058F00816B85 /* FirebaseInstallations */,
				3ADEEF352604058F00816B85 /* FirebaseMessaging */,
				3ADEEF372604058F00816B85 /* FirebaseStorageSwift-Beta */,
				3ADEEF392604058F00816B85 /* FirebaseFirestoreSwift-Beta */,
				3ADEEF3B2604058F00816B85 /* FirebaseStorage */,
				3ADEEF3D2604058F00816B85 /* FirebaseAuth */,
				3ADEEF412604058F00816B85 /* FirebaseDynamicLinks */,
				3ADEEF432604058F00816B85 /* FirebaseFirestore */,
				3ADEEF452604058F00816B85 /* FirebaseDatabase */,
				3ADEEF472604058F00816B85 /* FirebaseFunctions */,
				3ADEEF492604058F00816B85 /* FirebaseCrashlytics */,
				3ADEEF4B2604058F00816B85 /* FirebaseInAppMessaging-Beta */,
				3ADEEF4D2604058F00816B85 /* FirebaseMLModelDownloader */,
				3ADEEF4F2604058F00816B85 /* FirebaseRemoteConfig */,
				3A16D6E7260F2E12006A7DB1 /* HighlightedTextEditor */,
			);
			productName = "SquatchNotes (iOS)";
			productReference = 3ADEEEE62603B30300816B85 /* SquatchNotes.app */;
			productType = "com.apple.product-type.application";
		};
		3ADEEEED2603B30300816B85 /* SquatchNotes (macOS) */ = {
			isa = PBXNativeTarget;
			buildConfigurationList = 3ADEEEFD2603B30300816B85 /* Build configuration list for PBXNativeTarget "SquatchNotes (macOS)" */;
			buildPhases = (
				3ADEEEEA2603B30300816B85 /* Sources */,
				3ADEEEEB2603B30300816B85 /* Frameworks */,
				3ADEEEEC2603B30300816B85 /* Resources */,
			);
			buildRules = (
			);
			dependencies = (
			);
			name = "SquatchNotes (macOS)";
			packageProductDependencies = (
				3A1B2063260EF9B8006DA9D2 /* FirebaseAuth */,
				3A1B2065260EF9BF006DA9D2 /* FirebaseFirestore */,
				3A1B2067260EF9C8006DA9D2 /* FirebaseFirestoreSwift-Beta */,
				3A1B206B260EF9E1006DA9D2 /* FirebaseAppDistribution-Beta */,
				3A1B206D260EF9E5006DA9D2 /* FirebaseCrashlytics */,
				3A1B206F260EF9E9006DA9D2 /* FirebaseDatabase */,
				3A1B2071260EF9F0006DA9D2 /* FirebaseDynamicLinks */,
				3A1B2073260EF9F6006DA9D2 /* FirebaseFunctions */,
				3A1B2075260EF9FB006DA9D2 /* FirebaseInAppMessaging-Beta */,
				3A1B2077260EFA00006DA9D2 /* FirebaseInstallations */,
				3A1B2079260EFA05006DA9D2 /* FirebaseMessaging */,
				3A1B207B260EFA0A006DA9D2 /* FirebaseMLModelDownloader */,
				3A1B207D260EFA12006DA9D2 /* FirebaseRemoteConfig */,
				3A1B207F260EFA17006DA9D2 /* FirebaseStorage */,
				3A1B2081260EFA1C006DA9D2 /* FirebaseStorageSwift-Beta */,
				3A16D6EB260F2E28006A7DB1 /* HighlightedTextEditor */,
			);
			productName = "SquatchNotes (macOS)";
			productReference = 3ADEEEEE2603B30300816B85 /* SquatchNotes.app */;
			productType = "com.apple.product-type.application";
		};
/* End PBXNativeTarget section */

/* Begin PBXProject section */
		3ADEEEDA2603B30100816B85 /* Project object */ = {
			isa = PBXProject;
			attributes = {
				LastSwiftUpdateCheck = 1240;
				LastUpgradeCheck = 1240;
				TargetAttributes = {
					3ADEEEE52603B30300816B85 = {
						CreatedOnToolsVersion = 12.4;
					};
					3ADEEEED2603B30300816B85 = {
						CreatedOnToolsVersion = 12.4;
					};
				};
			};
			buildConfigurationList = 3ADEEEDD2603B30100816B85 /* Build configuration list for PBXProject "SquatchNotes" */;
			compatibilityVersion = "Xcode 9.3";
			developmentRegion = en;
			hasScannedForEncodings = 0;
			knownRegions = (
				en,
				Base,
			);
			mainGroup = 3ADEEED92603B30100816B85;
			packageReferences = (
				3ADEEF302604058F00816B85 /* XCRemoteSwiftPackageReference "firebase-ios-sdk" */,
				3A16D6E6260F2E12006A7DB1 /* XCRemoteSwiftPackageReference "HighlightedTextEditor" */,
			);
			productRefGroup = 3ADEEEE72603B30300816B85 /* Products */;
			projectDirPath = "";
			projectRoot = "";
			targets = (
				3ADEEEE52603B30300816B85 /* SquatchNotes (iOS) */,
				3ADEEEED2603B30300816B85 /* SquatchNotes (macOS) */,
			);
		};
/* End PBXProject section */

/* Begin PBXResourcesBuildPhase section */
		3ADEEEE42603B30300816B85 /* Resources */ = {
			isa = PBXResourcesBuildPhase;
			buildActionMask = 2147483647;
			files = (
				3ADEEEF62603B30300816B85 /* Assets.xcassets in Resources */,
				3A5C8B60260A8AB200063EA5 /* Cabin-VariableFont_wdth,wght.ttf in Resources */,
				3A5C8B4C260A84F500063EA5 /* Cabin-Italic.ttf in Resources */,
				3A5C8B62260A8AB200063EA5 /* Cabin-Italic-VariableFont_wdth,wght.ttf in Resources */,
				3A5C8B5A260A84F500063EA5 /* Cabin-BoldItalic.ttf in Resources */,
				3A5C8B0F260A839600063EA5 /* ArchitectsDaughter-Regular.ttf in Resources */,
				3A5C8B46260A84F500063EA5 /* Cabin-SemiBold.ttf in Resources */,
				3A5C8B34260A84F500063EA5 /* Cabin-MediumItalic.ttf in Resources */,
				3A5C8B38260A84F500063EA5 /* Cabin-Regular.ttf in Resources */,
				3A5C8B54260A84F500063EA5 /* Cabin-Bold.ttf in Resources */,
				3ADEEF542604091A00816B85 /* GoogleService-Info.plist in Resources */,
				3A5C8B52260A84F500063EA5 /* Cabin-Medium.ttf in Resources */,
				3A5C8B48260A84F500063EA5 /* Cabin-SemiBoldItalic.ttf in Resources */,
			);
			runOnlyForDeploymentPostprocessing = 0;
		};
		3ADEEEEC2603B30300816B85 /* Resources */ = {
			isa = PBXResourcesBuildPhase;
			buildActionMask = 2147483647;
			files = (
				3ADEEEF72603B30300816B85 /* Assets.xcassets in Resources */,
				3A5C8B61260A8AB200063EA5 /* Cabin-VariableFont_wdth,wght.ttf in Resources */,
				3A5C8B4D260A84F500063EA5 /* Cabin-Italic.ttf in Resources */,
				3A5C8B63260A8AB200063EA5 /* Cabin-Italic-VariableFont_wdth,wght.ttf in Resources */,
				3A5C8B5B260A84F500063EA5 /* Cabin-BoldItalic.ttf in Resources */,
				3A5C8B10260A839600063EA5 /* ArchitectsDaughter-Regular.ttf in Resources */,
				3A5C8B47260A84F500063EA5 /* Cabin-SemiBold.ttf in Resources */,
				3A5C8B35260A84F500063EA5 /* Cabin-MediumItalic.ttf in Resources */,
				3A5C8B39260A84F500063EA5 /* Cabin-Regular.ttf in Resources */,
				3A5C8B55260A84F500063EA5 /* Cabin-Bold.ttf in Resources */,
				3ADEEF552604091A00816B85 /* GoogleService-Info.plist in Resources */,
				3A5C8B53260A84F500063EA5 /* Cabin-Medium.ttf in Resources */,
				3A5C8B49260A84F500063EA5 /* Cabin-SemiBoldItalic.ttf in Resources */,
			);
			runOnlyForDeploymentPostprocessing = 0;
		};
/* End PBXResourcesBuildPhase section */

/* Begin PBXSourcesBuildPhase section */
		3ADEEEE22603B30300816B85 /* Sources */ = {
			isa = PBXSourcesBuildPhase;
			buildActionMask = 2147483647;
			files = (
				3ABD4C8E2615072F00176438 /* NoteCellViewModel.swift in Sources */,
				3A16D6F0260F3C6E006A7DB1 /* NoteRepository.swift in Sources */,
				3A16D6D9260F115A006A7DB1 /* SignOut.swift in Sources */,
				3ADEEEF42603B30300816B85 /* ContentView.swift in Sources */,
				3A16D6CF260F0678006A7DB1 /* NotesList.swift in Sources */,
				3A1B205C260E9368006DA9D2 /* Login.swift in Sources */,
				3ABD4C9F261615C100176438 /* AuthView.swift in Sources */,
				3ABD4CA62616235A00176438 /* SignInView.swift in Sources */,
				3ABD4C4A2613FF3200176438 /* DocumentEditor.swift in Sources */,
				3A16D6D4260F0721006A7DB1 /* SideMenu.swift in Sources */,
				3ABD4CAC2616245E00176438 /* SignUpView.swift in Sources */,
				3ABD4C89261506F800176438 /* NoteListViewModel.swift in Sources */,
				3A1B2035260E5FD0006DA9D2 /* UIColor.swift in Sources */,
				3A22E4BF26074DB30094CF60 /* Note.swift in Sources */,
				3A1B203F260E6FF0006DA9D2 /* NoteEditor.swift in Sources */,
				3A1B204E260E8DD3006DA9D2 /* AddNoteButton.swift in Sources */,
				3ADEEF66260449BE00816B85 /* SessionStore.swift in Sources */,
				3ABD4C452613FBFA00176438 /* DocumentViewModel.swift in Sources */,
				3A1B2026260E4F87006DA9D2 /* User.swift in Sources */,
				3A1B2044260E71CC006DA9D2 /* NoteRow.swift in Sources */,
				3ADEEEF22603B30300816B85 /* SquatchNotesApp.swift in Sources */,
			);
			runOnlyForDeploymentPostprocessing = 0;
		};
		3ADEEEEA2603B30300816B85 /* Sources */ = {
			isa = PBXSourcesBuildPhase;
			buildActionMask = 2147483647;
			files = (
				3ABD4C8F2615072F00176438 /* NoteCellViewModel.swift in Sources */,
				3A1B205D260E9368006DA9D2 /* Login.swift in Sources */,
				3ABD4CA72616235A00176438 /* SignInView.swift in Sources */,
				3A16D6DA260F115A006A7DB1 /* SignOut.swift in Sources */,
				3A16D6F1260F3C6E006A7DB1 /* NoteRepository.swift in Sources */,
				3A1B2045260E71CC006DA9D2 /* NoteRow.swift in Sources */,
				3A1B2040260E6FF0006DA9D2 /* NoteEditor.swift in Sources */,
				3ABD4C462613FBFA00176438 /* DocumentViewModel.swift in Sources */,
				3A16D6D5260F0721006A7DB1 /* SideMenu.swift in Sources */,
				3ADEEEF52603B30300816B85 /* ContentView.swift in Sources */,
				3ADEEF67260449BE00816B85 /* SessionStore.swift in Sources */,
				3ADEEEF32603B30300816B85 /* SquatchNotesApp.swift in Sources */,
				3ABD4C4B2613FF3200176438 /* DocumentEditor.swift in Sources */,
				3A1B204F260E8DD3006DA9D2 /* AddNoteButton.swift in Sources */,
				3ABD4CA0261615C100176438 /* AuthView.swift in Sources */,
				3ABD4C8A261506F800176438 /* NoteListViewModel.swift in Sources */,
				3ABD4CAD2616245E00176438 /* SignUpView.swift in Sources */,
				3A16D6D0260F0678006A7DB1 /* NotesList.swift in Sources */,
			);
			runOnlyForDeploymentPostprocessing = 0;
		};
/* End PBXSourcesBuildPhase section */

/* Begin XCBuildConfiguration section */
		3ADEEEF82603B30300816B85 /* Debug */ = {
			isa = XCBuildConfiguration;
			buildSettings = {
				ALWAYS_SEARCH_USER_PATHS = NO;
				CLANG_ANALYZER_NONNULL = YES;
				CLANG_ANALYZER_NUMBER_OBJECT_CONVERSION = YES_AGGRESSIVE;
				CLANG_CXX_LANGUAGE_STANDARD = "gnu++14";
				CLANG_CXX_LIBRARY = "libc++";
				CLANG_ENABLE_MODULES = YES;
				CLANG_ENABLE_OBJC_ARC = YES;
				CLANG_ENABLE_OBJC_WEAK = YES;
				CLANG_WARN_BLOCK_CAPTURE_AUTORELEASING = YES;
				CLANG_WARN_BOOL_CONVERSION = YES;
				CLANG_WARN_COMMA = YES;
				CLANG_WARN_CONSTANT_CONVERSION = YES;
				CLANG_WARN_DEPRECATED_OBJC_IMPLEMENTATIONS = YES;
				CLANG_WARN_DIRECT_OBJC_ISA_USAGE = YES_ERROR;
				CLANG_WARN_DOCUMENTATION_COMMENTS = YES;
				CLANG_WARN_EMPTY_BODY = YES;
				CLANG_WARN_ENUM_CONVERSION = YES;
				CLANG_WARN_INFINITE_RECURSION = YES;
				CLANG_WARN_INT_CONVERSION = YES;
				CLANG_WARN_NON_LITERAL_NULL_CONVERSION = YES;
				CLANG_WARN_OBJC_IMPLICIT_RETAIN_SELF = YES;
				CLANG_WARN_OBJC_LITERAL_CONVERSION = YES;
				CLANG_WARN_OBJC_ROOT_CLASS = YES_ERROR;
				CLANG_WARN_QUOTED_INCLUDE_IN_FRAMEWORK_HEADER = YES;
				CLANG_WARN_RANGE_LOOP_ANALYSIS = YES;
				CLANG_WARN_STRICT_PROTOTYPES = YES;
				CLANG_WARN_SUSPICIOUS_MOVE = YES;
				CLANG_WARN_UNGUARDED_AVAILABILITY = YES_AGGRESSIVE;
				CLANG_WARN_UNREACHABLE_CODE = YES;
				CLANG_WARN__DUPLICATE_METHOD_MATCH = YES;
				COPY_PHASE_STRIP = NO;
				DEBUG_INFORMATION_FORMAT = dwarf;
				ENABLE_STRICT_OBJC_MSGSEND = YES;
				ENABLE_TESTABILITY = YES;
				GCC_C_LANGUAGE_STANDARD = gnu11;
				GCC_DYNAMIC_NO_PIC = NO;
				GCC_NO_COMMON_BLOCKS = YES;
				GCC_OPTIMIZATION_LEVEL = 0;
				GCC_PREPROCESSOR_DEFINITIONS = (
					"DEBUG=1",
					"$(inherited)",
				);
				GCC_WARN_64_TO_32_BIT_CONVERSION = YES;
				GCC_WARN_ABOUT_RETURN_TYPE = YES_ERROR;
				GCC_WARN_UNDECLARED_SELECTOR = YES;
				GCC_WARN_UNINITIALIZED_AUTOS = YES_AGGRESSIVE;
				GCC_WARN_UNUSED_FUNCTION = YES;
				GCC_WARN_UNUSED_VARIABLE = YES;
				MTL_ENABLE_DEBUG_INFO = INCLUDE_SOURCE;
				MTL_FAST_MATH = YES;
				ONLY_ACTIVE_ARCH = YES;
				SWIFT_ACTIVE_COMPILATION_CONDITIONS = DEBUG;
				SWIFT_OPTIMIZATION_LEVEL = "-Onone";
			};
			name = Debug;
		};
		3ADEEEF92603B30300816B85 /* Release */ = {
			isa = XCBuildConfiguration;
			buildSettings = {
				ALWAYS_SEARCH_USER_PATHS = NO;
				CLANG_ANALYZER_NONNULL = YES;
				CLANG_ANALYZER_NUMBER_OBJECT_CONVERSION = YES_AGGRESSIVE;
				CLANG_CXX_LANGUAGE_STANDARD = "gnu++14";
				CLANG_CXX_LIBRARY = "libc++";
				CLANG_ENABLE_MODULES = YES;
				CLANG_ENABLE_OBJC_ARC = YES;
				CLANG_ENABLE_OBJC_WEAK = YES;
				CLANG_WARN_BLOCK_CAPTURE_AUTORELEASING = YES;
				CLANG_WARN_BOOL_CONVERSION = YES;
				CLANG_WARN_COMMA = YES;
				CLANG_WARN_CONSTANT_CONVERSION = YES;
				CLANG_WARN_DEPRECATED_OBJC_IMPLEMENTATIONS = YES;
				CLANG_WARN_DIRECT_OBJC_ISA_USAGE = YES_ERROR;
				CLANG_WARN_DOCUMENTATION_COMMENTS = YES;
				CLANG_WARN_EMPTY_BODY = YES;
				CLANG_WARN_ENUM_CONVERSION = YES;
				CLANG_WARN_INFINITE_RECURSION = YES;
				CLANG_WARN_INT_CONVERSION = YES;
				CLANG_WARN_NON_LITERAL_NULL_CONVERSION = YES;
				CLANG_WARN_OBJC_IMPLICIT_RETAIN_SELF = YES;
				CLANG_WARN_OBJC_LITERAL_CONVERSION = YES;
				CLANG_WARN_OBJC_ROOT_CLASS = YES_ERROR;
				CLANG_WARN_QUOTED_INCLUDE_IN_FRAMEWORK_HEADER = YES;
				CLANG_WARN_RANGE_LOOP_ANALYSIS = YES;
				CLANG_WARN_STRICT_PROTOTYPES = YES;
				CLANG_WARN_SUSPICIOUS_MOVE = YES;
				CLANG_WARN_UNGUARDED_AVAILABILITY = YES_AGGRESSIVE;
				CLANG_WARN_UNREACHABLE_CODE = YES;
				CLANG_WARN__DUPLICATE_METHOD_MATCH = YES;
				COPY_PHASE_STRIP = NO;
				DEBUG_INFORMATION_FORMAT = "dwarf-with-dsym";
				ENABLE_NS_ASSERTIONS = NO;
				ENABLE_STRICT_OBJC_MSGSEND = YES;
				GCC_C_LANGUAGE_STANDARD = gnu11;
				GCC_NO_COMMON_BLOCKS = YES;
				GCC_WARN_64_TO_32_BIT_CONVERSION = YES;
				GCC_WARN_ABOUT_RETURN_TYPE = YES_ERROR;
				GCC_WARN_UNDECLARED_SELECTOR = YES;
				GCC_WARN_UNINITIALIZED_AUTOS = YES_AGGRESSIVE;
				GCC_WARN_UNUSED_FUNCTION = YES;
				GCC_WARN_UNUSED_VARIABLE = YES;
				MTL_ENABLE_DEBUG_INFO = NO;
				MTL_FAST_MATH = YES;
				SWIFT_COMPILATION_MODE = wholemodule;
				SWIFT_OPTIMIZATION_LEVEL = "-O";
			};
			name = Release;
		};
		3ADEEEFB2603B30300816B85 /* Debug */ = {
			isa = XCBuildConfiguration;
			buildSettings = {
				ASSETCATALOG_COMPILER_APPICON_NAME = AppIcon;
				ASSETCATALOG_COMPILER_GLOBAL_ACCENT_COLOR_NAME = AccentColor;
				CODE_SIGN_ENTITLEMENTS = SquatchNotes.entitlements;
				CODE_SIGN_IDENTITY = "Apple Development";
				CODE_SIGN_STYLE = Automatic;
				DEVELOPMENT_TEAM = M9Z3N2R97A;
				ENABLE_PREVIEWS = YES;
				INFOPLIST_FILE = iOS/Info.plist;
				IPHONEOS_DEPLOYMENT_TARGET = 14.0;
				LD_RUNPATH_SEARCH_PATHS = (
					"$(inherited)",
					"@executable_path/Frameworks",
				);
				PRODUCT_BUNDLE_IDENTIFIER = com.hutsonlabs.SquatchNotes;
				PRODUCT_NAME = SquatchNotes;
				PROVISIONING_PROFILE_SPECIFIER = "";
				SDKROOT = iphoneos;
				SUPPORTS_MACCATALYST = YES;
				SUPPORTS_MAC_DESIGNED_FOR_IPHONE_IPAD = YES;
				SWIFT_VERSION = 5.0;
				TARGETED_DEVICE_FAMILY = "1,2";
			};
			name = Debug;
		};
		3ADEEEFC2603B30300816B85 /* Release */ = {
			isa = XCBuildConfiguration;
			buildSettings = {
				ASSETCATALOG_COMPILER_APPICON_NAME = AppIcon;
				ASSETCATALOG_COMPILER_GLOBAL_ACCENT_COLOR_NAME = AccentColor;
				CODE_SIGN_ENTITLEMENTS = SquatchNotes.entitlements;
				CODE_SIGN_IDENTITY = "Apple Development";
				CODE_SIGN_STYLE = Automatic;
				DEVELOPMENT_TEAM = M9Z3N2R97A;
				ENABLE_PREVIEWS = YES;
				INFOPLIST_FILE = iOS/Info.plist;
				IPHONEOS_DEPLOYMENT_TARGET = 14.0;
				LD_RUNPATH_SEARCH_PATHS = (
					"$(inherited)",
					"@executable_path/Frameworks",
				);
				PRODUCT_BUNDLE_IDENTIFIER = com.hutsonlabs.SquatchNotes;
				PRODUCT_NAME = SquatchNotes;
				PROVISIONING_PROFILE_SPECIFIER = "";
				SDKROOT = iphoneos;
				SUPPORTS_MACCATALYST = YES;
				SUPPORTS_MAC_DESIGNED_FOR_IPHONE_IPAD = YES;
				SWIFT_VERSION = 5.0;
				TARGETED_DEVICE_FAMILY = "1,2";
				VALIDATE_PRODUCT = YES;
			};
			name = Release;
		};
		3ADEEEFE2603B30300816B85 /* Debug */ = {
			isa = XCBuildConfiguration;
			buildSettings = {
				ASSETCATALOG_COMPILER_APPICON_NAME = AppIcon;
				ASSETCATALOG_COMPILER_GLOBAL_ACCENT_COLOR_NAME = AccentColor;
				CODE_SIGN_ENTITLEMENTS = macOS/macOS.entitlements;
				CODE_SIGN_STYLE = Automatic;
				COMBINE_HIDPI_IMAGES = YES;
				DEVELOPMENT_TEAM = M9Z3N2R97A;
				ENABLE_HARDENED_RUNTIME = YES;
				ENABLE_PREVIEWS = YES;
				INFOPLIST_FILE = macOS/Info.plist;
				LD_RUNPATH_SEARCH_PATHS = (
					"$(inherited)",
					"@executable_path/../Frameworks",
				);
				MACOSX_DEPLOYMENT_TARGET = 11.0;
				PRODUCT_BUNDLE_IDENTIFIER = com.hutsonlabs.SquatchNotes;
				PRODUCT_NAME = SquatchNotes;
				SDKROOT = macosx;
				SWIFT_VERSION = 5.0;
			};
			name = Debug;
		};
		3ADEEEFF2603B30300816B85 /* Release */ = {
			isa = XCBuildConfiguration;
			buildSettings = {
				ASSETCATALOG_COMPILER_APPICON_NAME = AppIcon;
				ASSETCATALOG_COMPILER_GLOBAL_ACCENT_COLOR_NAME = AccentColor;
				CODE_SIGN_ENTITLEMENTS = macOS/macOS.entitlements;
				CODE_SIGN_STYLE = Automatic;
				COMBINE_HIDPI_IMAGES = YES;
				DEVELOPMENT_TEAM = M9Z3N2R97A;
				ENABLE_HARDENED_RUNTIME = YES;
				ENABLE_PREVIEWS = YES;
				INFOPLIST_FILE = macOS/Info.plist;
				LD_RUNPATH_SEARCH_PATHS = (
					"$(inherited)",
					"@executable_path/../Frameworks",
				);
				MACOSX_DEPLOYMENT_TARGET = 11.0;
				PRODUCT_BUNDLE_IDENTIFIER = com.hutsonlabs.SquatchNotes;
				PRODUCT_NAME = SquatchNotes;
				SDKROOT = macosx;
				SWIFT_VERSION = 5.0;
			};
			name = Release;
		};
/* End XCBuildConfiguration section */

/* Begin XCConfigurationList section */
		3ADEEEDD2603B30100816B85 /* Build configuration list for PBXProject "SquatchNotes" */ = {
			isa = XCConfigurationList;
			buildConfigurations = (
				3ADEEEF82603B30300816B85 /* Debug */,
				3ADEEEF92603B30300816B85 /* Release */,
			);
			defaultConfigurationIsVisible = 0;
			defaultConfigurationName = Release;
		};
		3ADEEEFA2603B30300816B85 /* Build configuration list for PBXNativeTarget "SquatchNotes (iOS)" */ = {
			isa = XCConfigurationList;
			buildConfigurations = (
				3ADEEEFB2603B30300816B85 /* Debug */,
				3ADEEEFC2603B30300816B85 /* Release */,
			);
			defaultConfigurationIsVisible = 0;
			defaultConfigurationName = Release;
		};
		3ADEEEFD2603B30300816B85 /* Build configuration list for PBXNativeTarget "SquatchNotes (macOS)" */ = {
			isa = XCConfigurationList;
			buildConfigurations = (
				3ADEEEFE2603B30300816B85 /* Debug */,
				3ADEEEFF2603B30300816B85 /* Release */,
			);
			defaultConfigurationIsVisible = 0;
			defaultConfigurationName = Release;
		};
/* End XCConfigurationList section */

/* Begin XCRemoteSwiftPackageReference section */
		3A16D6E6260F2E12006A7DB1 /* XCRemoteSwiftPackageReference "HighlightedTextEditor" */ = {
			isa = XCRemoteSwiftPackageReference;
			repositoryURL = "https://github.com/kyle-n/HighlightedTextEditor";
			requirement = {
				kind = upToNextMajorVersion;
				minimumVersion = 1.7.0;
			};
		};
		3ADEEF302604058F00816B85 /* XCRemoteSwiftPackageReference "firebase-ios-sdk" */ = {
			isa = XCRemoteSwiftPackageReference;
			repositoryURL = "https://github.com/firebase/firebase-ios-sdk.git";
			requirement = {
				kind = upToNextMajorVersion;
				minimumVersion = 7.8.1;
			};
		};
/* End XCRemoteSwiftPackageReference section */

/* Begin XCSwiftPackageProductDependency section */
		3A16D6E7260F2E12006A7DB1 /* HighlightedTextEditor */ = {
			isa = XCSwiftPackageProductDependency;
			package = 3A16D6E6260F2E12006A7DB1 /* XCRemoteSwiftPackageReference "HighlightedTextEditor" */;
			productName = HighlightedTextEditor;
		};
		3A16D6EB260F2E28006A7DB1 /* HighlightedTextEditor */ = {
			isa = XCSwiftPackageProductDependency;
			package = 3A16D6E6260F2E12006A7DB1 /* XCRemoteSwiftPackageReference "HighlightedTextEditor" */;
			productName = HighlightedTextEditor;
		};
		3A1B2063260EF9B8006DA9D2 /* FirebaseAuth */ = {
			isa = XCSwiftPackageProductDependency;
			package = 3ADEEF302604058F00816B85 /* XCRemoteSwiftPackageReference "firebase-ios-sdk" */;
			productName = FirebaseAuth;
		};
		3A1B2065260EF9BF006DA9D2 /* FirebaseFirestore */ = {
			isa = XCSwiftPackageProductDependency;
			package = 3ADEEF302604058F00816B85 /* XCRemoteSwiftPackageReference "firebase-ios-sdk" */;
			productName = FirebaseFirestore;
		};
		3A1B2067260EF9C8006DA9D2 /* FirebaseFirestoreSwift-Beta */ = {
			isa = XCSwiftPackageProductDependency;
			package = 3ADEEF302604058F00816B85 /* XCRemoteSwiftPackageReference "firebase-ios-sdk" */;
			productName = "FirebaseFirestoreSwift-Beta";
		};
		3A1B206B260EF9E1006DA9D2 /* FirebaseAppDistribution-Beta */ = {
			isa = XCSwiftPackageProductDependency;
			package = 3ADEEF302604058F00816B85 /* XCRemoteSwiftPackageReference "firebase-ios-sdk" */;
			productName = "FirebaseAppDistribution-Beta";
		};
		3A1B206D260EF9E5006DA9D2 /* FirebaseCrashlytics */ = {
			isa = XCSwiftPackageProductDependency;
			package = 3ADEEF302604058F00816B85 /* XCRemoteSwiftPackageReference "firebase-ios-sdk" */;
			productName = FirebaseCrashlytics;
		};
		3A1B206F260EF9E9006DA9D2 /* FirebaseDatabase */ = {
			isa = XCSwiftPackageProductDependency;
			package = 3ADEEF302604058F00816B85 /* XCRemoteSwiftPackageReference "firebase-ios-sdk" */;
			productName = FirebaseDatabase;
		};
		3A1B2071260EF9F0006DA9D2 /* FirebaseDynamicLinks */ = {
			isa = XCSwiftPackageProductDependency;
			package = 3ADEEF302604058F00816B85 /* XCRemoteSwiftPackageReference "firebase-ios-sdk" */;
			productName = FirebaseDynamicLinks;
		};
		3A1B2073260EF9F6006DA9D2 /* FirebaseFunctions */ = {
			isa = XCSwiftPackageProductDependency;
			package = 3ADEEF302604058F00816B85 /* XCRemoteSwiftPackageReference "firebase-ios-sdk" */;
			productName = FirebaseFunctions;
		};
		3A1B2075260EF9FB006DA9D2 /* FirebaseInAppMessaging-Beta */ = {
			isa = XCSwiftPackageProductDependency;
			package = 3ADEEF302604058F00816B85 /* XCRemoteSwiftPackageReference "firebase-ios-sdk" */;
			productName = "FirebaseInAppMessaging-Beta";
		};
		3A1B2077260EFA00006DA9D2 /* FirebaseInstallations */ = {
			isa = XCSwiftPackageProductDependency;
			package = 3ADEEF302604058F00816B85 /* XCRemoteSwiftPackageReference "firebase-ios-sdk" */;
			productName = FirebaseInstallations;
		};
		3A1B2079260EFA05006DA9D2 /* FirebaseMessaging */ = {
			isa = XCSwiftPackageProductDependency;
			package = 3ADEEF302604058F00816B85 /* XCRemoteSwiftPackageReference "firebase-ios-sdk" */;
			productName = FirebaseMessaging;
		};
		3A1B207B260EFA0A006DA9D2 /* FirebaseMLModelDownloader */ = {
			isa = XCSwiftPackageProductDependency;
			package = 3ADEEF302604058F00816B85 /* XCRemoteSwiftPackageReference "firebase-ios-sdk" */;
			productName = FirebaseMLModelDownloader;
		};
		3A1B207D260EFA12006DA9D2 /* FirebaseRemoteConfig */ = {
			isa = XCSwiftPackageProductDependency;
			package = 3ADEEF302604058F00816B85 /* XCRemoteSwiftPackageReference "firebase-ios-sdk" */;
			productName = FirebaseRemoteConfig;
		};
		3A1B207F260EFA17006DA9D2 /* FirebaseStorage */ = {
			isa = XCSwiftPackageProductDependency;
			package = 3ADEEF302604058F00816B85 /* XCRemoteSwiftPackageReference "firebase-ios-sdk" */;
			productName = FirebaseStorage;
		};
		3A1B2081260EFA1C006DA9D2 /* FirebaseStorageSwift-Beta */ = {
			isa = XCSwiftPackageProductDependency;
			package = 3ADEEF302604058F00816B85 /* XCRemoteSwiftPackageReference "firebase-ios-sdk" */;
			productName = "FirebaseStorageSwift-Beta";
		};
		3ADEEF312604058F00816B85 /* FirebaseAppDistribution-Beta */ = {
			isa = XCSwiftPackageProductDependency;
			package = 3ADEEF302604058F00816B85 /* XCRemoteSwiftPackageReference "firebase-ios-sdk" */;
			productName = "FirebaseAppDistribution-Beta";
		};
		3ADEEF332604058F00816B85 /* FirebaseInstallations */ = {
			isa = XCSwiftPackageProductDependency;
			package = 3ADEEF302604058F00816B85 /* XCRemoteSwiftPackageReference "firebase-ios-sdk" */;
			productName = FirebaseInstallations;
		};
		3ADEEF352604058F00816B85 /* FirebaseMessaging */ = {
			isa = XCSwiftPackageProductDependency;
			package = 3ADEEF302604058F00816B85 /* XCRemoteSwiftPackageReference "firebase-ios-sdk" */;
			productName = FirebaseMessaging;
		};
		3ADEEF372604058F00816B85 /* FirebaseStorageSwift-Beta */ = {
			isa = XCSwiftPackageProductDependency;
			package = 3ADEEF302604058F00816B85 /* XCRemoteSwiftPackageReference "firebase-ios-sdk" */;
			productName = "FirebaseStorageSwift-Beta";
		};
		3ADEEF392604058F00816B85 /* FirebaseFirestoreSwift-Beta */ = {
			isa = XCSwiftPackageProductDependency;
			package = 3ADEEF302604058F00816B85 /* XCRemoteSwiftPackageReference "firebase-ios-sdk" */;
			productName = "FirebaseFirestoreSwift-Beta";
		};
		3ADEEF3B2604058F00816B85 /* FirebaseStorage */ = {
			isa = XCSwiftPackageProductDependency;
			package = 3ADEEF302604058F00816B85 /* XCRemoteSwiftPackageReference "firebase-ios-sdk" */;
			productName = FirebaseStorage;
		};
		3ADEEF3D2604058F00816B85 /* FirebaseAuth */ = {
			isa = XCSwiftPackageProductDependency;
			package = 3ADEEF302604058F00816B85 /* XCRemoteSwiftPackageReference "firebase-ios-sdk" */;
			productName = FirebaseAuth;
		};
		3ADEEF412604058F00816B85 /* FirebaseDynamicLinks */ = {
			isa = XCSwiftPackageProductDependency;
			package = 3ADEEF302604058F00816B85 /* XCRemoteSwiftPackageReference "firebase-ios-sdk" */;
			productName = FirebaseDynamicLinks;
		};
		3ADEEF432604058F00816B85 /* FirebaseFirestore */ = {
			isa = XCSwiftPackageProductDependency;
			package = 3ADEEF302604058F00816B85 /* XCRemoteSwiftPackageReference "firebase-ios-sdk" */;
			productName = FirebaseFirestore;
		};
		3ADEEF452604058F00816B85 /* FirebaseDatabase */ = {
			isa = XCSwiftPackageProductDependency;
			package = 3ADEEF302604058F00816B85 /* XCRemoteSwiftPackageReference "firebase-ios-sdk" */;
			productName = FirebaseDatabase;
		};
		3ADEEF472604058F00816B85 /* FirebaseFunctions */ = {
			isa = XCSwiftPackageProductDependency;
			package = 3ADEEF302604058F00816B85 /* XCRemoteSwiftPackageReference "firebase-ios-sdk" */;
			productName = FirebaseFunctions;
		};
		3ADEEF492604058F00816B85 /* FirebaseCrashlytics */ = {
			isa = XCSwiftPackageProductDependency;
			package = 3ADEEF302604058F00816B85 /* XCRemoteSwiftPackageReference "firebase-ios-sdk" */;
			productName = FirebaseCrashlytics;
		};
		3ADEEF4B2604058F00816B85 /* FirebaseInAppMessaging-Beta */ = {
			isa = XCSwiftPackageProductDependency;
			package = 3ADEEF302604058F00816B85 /* XCRemoteSwiftPackageReference "firebase-ios-sdk" */;
			productName = "FirebaseInAppMessaging-Beta";
		};
		3ADEEF4D2604058F00816B85 /* FirebaseMLModelDownloader */ = {
			isa = XCSwiftPackageProductDependency;
			package = 3ADEEF302604058F00816B85 /* XCRemoteSwiftPackageReference "firebase-ios-sdk" */;
			productName = FirebaseMLModelDownloader;
		};
		3ADEEF4F2604058F00816B85 /* FirebaseRemoteConfig */ = {
			isa = XCSwiftPackageProductDependency;
			package = 3ADEEF302604058F00816B85 /* XCRemoteSwiftPackageReference "firebase-ios-sdk" */;
			productName = FirebaseRemoteConfig;
		};
/* End XCSwiftPackageProductDependency section */
	};
	rootObject = 3ADEEEDA2603B30100816B85 /* Project object */;
}
